
Microsoft Visual Studio Solution File, Format Version 12.00
# Visual Studio Version 17
VisualStudioVersion = 17.0.31903.59
MinimumVisualStudioVersion = 10.0.40219.1
Project("{2150E333-8FDC-42A3-9474-1A3956D46DE8}") = "src", "src", "{827E0CD3-B72D-47B6-A68D-7590B98EB39B}"
EndProject
Project("{FAE04EC0-301F-11D3-BF4B-00C04F79EFBC}") = "TextOps.Contracts", "src\TextOps.Contracts\TextOps.Contracts.csproj", "{4D203A1C-73B3-4133-AC78-539300AEDC3A}"
EndProject
Project("{FAE04EC0-301F-11D3-BF4B-00C04F79EFBC}") = "TextOps.Channels.DevApi", "src\TextOps.Channels.DevApi\TextOps.Channels.DevApi.csproj", "{EC2B2B62-DC51-422B-A64F-EE1796528AE0}"
EndProject
Project("{FAE04EC0-301F-11D3-BF4B-00C04F79EFBC}") = "TextOps.Orchestrator", "src\TextOps.Orchestrator\TextOps.Orchestrator.csproj", "{2FDFFD69-22C9-42CB-934C-D74527F8C078}"
EndProject
Project("{2150E333-8FDC-42A3-9474-1A3956D46DE8}") = "tests", "tests", "{A1B2C3D4-E5F6-7890-ABCD-EF1234567890}"
EndProject
Project("{FAE04EC0-301F-11D3-BF4B-00C04F79EFBC}") = "TextOps.Orchestrator.Tests", "tests\TextOps.Orchestrator.Tests\TextOps.Orchestrator.Tests.csproj", "{45698D0F-5E07-4F6B-87D6-B9B808C46EFD}"
EndProject
Project("{FAE04EC0-301F-11D3-BF4B-00C04F79EFBC}") = "TextOps.Channels.DevApi.Tests", "tests\TextOps.Channels.DevApi.Tests\TextOps.Channels.DevApi.Tests.csproj", "{6C61BA8A-EC5B-4922-8610-E53BB80DE712}"
EndProject
Project("{FAE04EC0-301F-11D3-BF4B-00C04F79EFBC}") = "TextOps.Execution", "src\TextOps.Execution\TextOps.Execution.csproj", "{84CAF623-0E89-47CF-955D-BAC121333C31}"
EndProject
Project("{FAE04EC0-301F-11D3-BF4B-00C04F79EFBC}") = "TextOps.Persistence", "src\TextOps.Persistence\TextOps.Persistence.csproj", "{70F82759-CF24-47BD-B5F3-5E7EBA8E53D6}"
EndProject
Project("{FAE04EC0-301F-11D3-BF4B-00C04F79EFBC}") = "TextOps.Persistence.Tests", "tests\TextOps.Persistence.Tests\TextOps.Persistence.Tests.csproj", "{2693A91A-BC9B-4268-9AD3-A4BB881BF507}"
EndProject
Project("{FAE04EC0-301F-11D3-BF4B-00C04F79EFBC}") = "TextOps.Worker", "src\TextOps.Worker\TextOps.Worker.csproj", "{0A618FB3-9A7D-41C8-8E9A-F448F0E1CB51}"
EndProject
Project("{FAE04EC0-301F-11D3-BF4B-00C04F79EFBC}") = "TextOps.Execution.Tests", "tests\TextOps.Execution.Tests\TextOps.Execution.Tests.csproj", "{4C98136E-E1D8-47C8-A24F-53A79C2D9155}"
EndProject
Global
	GlobalSection(SolutionConfigurationPlatforms) = preSolution
		Debug|Any CPU = Debug|Any CPU
		Debug|x64 = Debug|x64
		Debug|x86 = Debug|x86
		Release|Any CPU = Release|Any CPU
		Release|x64 = Release|x64
		Release|x86 = Release|x86
	EndGlobalSection
	GlobalSection(ProjectConfigurationPlatforms) = postSolution
		{4D203A1C-73B3-4133-AC78-539300AEDC3A}.Debug|Any CPU.ActiveCfg = Debug|Any CPU
		{4D203A1C-73B3-4133-AC78-539300AEDC3A}.Debug|Any CPU.Build.0 = Debug|Any CPU
		{4D203A1C-73B3-4133-AC78-539300AEDC3A}.Debug|x64.ActiveCfg = Debug|Any CPU
		{4D203A1C-73B3-4133-AC78-539300AEDC3A}.Debug|x64.Build.0 = Debug|Any CPU
		{4D203A1C-73B3-4133-AC78-539300AEDC3A}.Debug|x86.ActiveCfg = Debug|Any CPU
		{4D203A1C-73B3-4133-AC78-539300AEDC3A}.Debug|x86.Build.0 = Debug|Any CPU
		{4D203A1C-73B3-4133-AC78-539300AEDC3A}.Release|Any CPU.ActiveCfg = Release|Any CPU
		{4D203A1C-73B3-4133-AC78-539300AEDC3A}.Release|Any CPU.Build.0 = Release|Any CPU
		{4D203A1C-73B3-4133-AC78-539300AEDC3A}.Release|x64.ActiveCfg = Release|Any CPU
		{4D203A1C-73B3-4133-AC78-539300AEDC3A}.Release|x64.Build.0 = Release|Any CPU
		{4D203A1C-73B3-4133-AC78-539300AEDC3A}.Release|x86.ActiveCfg = Release|Any CPU
		{4D203A1C-73B3-4133-AC78-539300AEDC3A}.Release|x86.Build.0 = Release|Any CPU
		{EC2B2B62-DC51-422B-A64F-EE1796528AE0}.Debug|Any CPU.ActiveCfg = Debug|Any CPU
		{EC2B2B62-DC51-422B-A64F-EE1796528AE0}.Debug|Any CPU.Build.0 = Debug|Any CPU
		{EC2B2B62-DC51-422B-A64F-EE1796528AE0}.Debug|x64.ActiveCfg = Debug|Any CPU
		{EC2B2B62-DC51-422B-A64F-EE1796528AE0}.Debug|x64.Build.0 = Debug|Any CPU
		{EC2B2B62-DC51-422B-A64F-EE1796528AE0}.Debug|x86.ActiveCfg = Debug|Any CPU
		{EC2B2B62-DC51-422B-A64F-EE1796528AE0}.Debug|x86.Build.0 = Debug|Any CPU
		{EC2B2B62-DC51-422B-A64F-EE1796528AE0}.Release|Any CPU.ActiveCfg = Release|Any CPU
		{EC2B2B62-DC51-422B-A64F-EE1796528AE0}.Release|Any CPU.Build.0 = Release|Any CPU
		{EC2B2B62-DC51-422B-A64F-EE1796528AE0}.Release|x64.ActiveCfg = Release|Any CPU
		{EC2B2B62-DC51-422B-A64F-EE1796528AE0}.Release|x64.Build.0 = Release|Any CPU
		{EC2B2B62-DC51-422B-A64F-EE1796528AE0}.Release|x86.ActiveCfg = Release|Any CPU
		{EC2B2B62-DC51-422B-A64F-EE1796528AE0}.Release|x86.Build.0 = Release|Any CPU
		{2FDFFD69-22C9-42CB-934C-D74527F8C078}.Debug|Any CPU.ActiveCfg = Debug|Any CPU
		{2FDFFD69-22C9-42CB-934C-D74527F8C078}.Debug|Any CPU.Build.0 = Debug|Any CPU
		{2FDFFD69-22C9-42CB-934C-D74527F8C078}.Debug|x64.ActiveCfg = Debug|Any CPU
		{2FDFFD69-22C9-42CB-934C-D74527F8C078}.Debug|x64.Build.0 = Debug|Any CPU
		{2FDFFD69-22C9-42CB-934C-D74527F8C078}.Debug|x86.ActiveCfg = Debug|Any CPU
		{2FDFFD69-22C9-42CB-934C-D74527F8C078}.Debug|x86.Build.0 = Debug|Any CPU
		{2FDFFD69-22C9-42CB-934C-D74527F8C078}.Release|Any CPU.ActiveCfg = Release|Any CPU
		{2FDFFD69-22C9-42CB-934C-D74527F8C078}.Release|Any CPU.Build.0 = Release|Any CPU
		{2FDFFD69-22C9-42CB-934C-D74527F8C078}.Release|x64.ActiveCfg = Release|Any CPU
		{2FDFFD69-22C9-42CB-934C-D74527F8C078}.Release|x64.Build.0 = Release|Any CPU
		{2FDFFD69-22C9-42CB-934C-D74527F8C078}.Release|x86.ActiveCfg = Release|Any CPU
		{2FDFFD69-22C9-42CB-934C-D74527F8C078}.Release|x86.Build.0 = Release|Any CPU
		{45698D0F-5E07-4F6B-87D6-B9B808C46EFD}.Debug|Any CPU.ActiveCfg = Debug|Any CPU
		{45698D0F-5E07-4F6B-87D6-B9B808C46EFD}.Debug|Any CPU.Build.0 = Debug|Any CPU
		{45698D0F-5E07-4F6B-87D6-B9B808C46EFD}.Debug|x64.ActiveCfg = Debug|Any CPU
		{45698D0F-5E07-4F6B-87D6-B9B808C46EFD}.Debug|x64.Build.0 = Debug|Any CPU
		{45698D0F-5E07-4F6B-87D6-B9B808C46EFD}.Debug|x86.ActiveCfg = Debug|Any CPU
		{45698D0F-5E07-4F6B-87D6-B9B808C46EFD}.Debug|x86.Build.0 = Debug|Any CPU
		{45698D0F-5E07-4F6B-87D6-B9B808C46EFD}.Release|Any CPU.ActiveCfg = Release|Any CPU
		{45698D0F-5E07-4F6B-87D6-B9B808C46EFD}.Release|Any CPU.Build.0 = Release|Any CPU
		{45698D0F-5E07-4F6B-87D6-B9B808C46EFD}.Release|x64.ActiveCfg = Release|Any CPU
		{45698D0F-5E07-4F6B-87D6-B9B808C46EFD}.Release|x64.Build.0 = Release|Any CPU
		{45698D0F-5E07-4F6B-87D6-B9B808C46EFD}.Release|x86.ActiveCfg = Release|Any CPU
		{45698D0F-5E07-4F6B-87D6-B9B808C46EFD}.Release|x86.Build.0 = Release|Any CPU
		{6C61BA8A-EC5B-4922-8610-E53BB80DE712}.Debug|Any CPU.ActiveCfg = Debug|Any CPU
		{6C61BA8A-EC5B-4922-8610-E53BB80DE712}.Debug|Any CPU.Build.0 = Debug|Any CPU
		{6C61BA8A-EC5B-4922-8610-E53BB80DE712}.Debug|x64.ActiveCfg = Debug|Any CPU
		{6C61BA8A-EC5B-4922-8610-E53BB80DE712}.Debug|x64.Build.0 = Debug|Any CPU
		{6C61BA8A-EC5B-4922-8610-E53BB80DE712}.Debug|x86.ActiveCfg = Debug|Any CPU
		{6C61BA8A-EC5B-4922-8610-E53BB80DE712}.Debug|x86.Build.0 = Debug|Any CPU
		{6C61BA8A-EC5B-4922-8610-E53BB80DE712}.Release|Any CPU.ActiveCfg = Release|Any CPU
		{6C61BA8A-EC5B-4922-8610-E53BB80DE712}.Release|Any CPU.Build.0 = Release|Any CPU
		{6C61BA8A-EC5B-4922-8610-E53BB80DE712}.Release|x64.ActiveCfg = Release|Any CPU
		{6C61BA8A-EC5B-4922-8610-E53BB80DE712}.Release|x64.Build.0 = Release|Any CPU
		{6C61BA8A-EC5B-4922-8610-E53BB80DE712}.Release|x86.ActiveCfg = Release|Any CPU
		{6C61BA8A-EC5B-4922-8610-E53BB80DE712}.Release|x86.Build.0 = Release|Any CPU
		{84CAF623-0E89-47CF-955D-BAC121333C31}.Debug|Any CPU.ActiveCfg = Debug|Any CPU
		{84CAF623-0E89-47CF-955D-BAC121333C31}.Debug|Any CPU.Build.0 = Debug|Any CPU
		{84CAF623-0E89-47CF-955D-BAC121333C31}.Debug|x64.ActiveCfg = Debug|Any CPU
		{84CAF623-0E89-47CF-955D-BAC121333C31}.Debug|x64.Build.0 = Debug|Any CPU
		{84CAF623-0E89-47CF-955D-BAC121333C31}.Debug|x86.ActiveCfg = Debug|Any CPU
		{84CAF623-0E89-47CF-955D-BAC121333C31}.Debug|x86.Build.0 = Debug|Any CPU
		{84CAF623-0E89-47CF-955D-BAC121333C31}.Release|Any CPU.ActiveCfg = Release|Any CPU
		{84CAF623-0E89-47CF-955D-BAC121333C31}.Release|Any CPU.Build.0 = Release|Any CPU
		{84CAF623-0E89-47CF-955D-BAC121333C31}.Release|x64.ActiveCfg = Release|Any CPU
		{84CAF623-0E89-47CF-955D-BAC121333C31}.Release|x64.Build.0 = Release|Any CPU
		{84CAF623-0E89-47CF-955D-BAC121333C31}.Release|x86.ActiveCfg = Release|Any CPU
		{84CAF623-0E89-47CF-955D-BAC121333C31}.Release|x86.Build.0 = Release|Any CPU
		{70F82759-CF24-47BD-B5F3-5E7EBA8E53D6}.Debug|Any CPU.ActiveCfg = Debug|Any CPU
		{70F82759-CF24-47BD-B5F3-5E7EBA8E53D6}.Debug|Any CPU.Build.0 = Debug|Any CPU
		{70F82759-CF24-47BD-B5F3-5E7EBA8E53D6}.Debug|x64.ActiveCfg = Debug|Any CPU
		{70F82759-CF24-47BD-B5F3-5E7EBA8E53D6}.Debug|x64.Build.0 = Debug|Any CPU
		{70F82759-CF24-47BD-B5F3-5E7EBA8E53D6}.Debug|x86.ActiveCfg = Debug|Any CPU
		{70F82759-CF24-47BD-B5F3-5E7EBA8E53D6}.Debug|x86.Build.0 = Debug|Any CPU
		{70F82759-CF24-47BD-B5F3-5E7EBA8E53D6}.Release|Any CPU.ActiveCfg = Release|Any CPU
		{70F82759-CF24-47BD-B5F3-5E7EBA8E53D6}.Release|Any CPU.Build.0 = Release|Any CPU
		{70F82759-CF24-47BD-B5F3-5E7EBA8E53D6}.Release|x64.ActiveCfg = Release|Any CPU
		{70F82759-CF24-47BD-B5F3-5E7EBA8E53D6}.Release|x64.Build.0 = Release|Any CPU
		{70F82759-CF24-47BD-B5F3-5E7EBA8E53D6}.Release|x86.ActiveCfg = Release|Any CPU
		{70F82759-CF24-47BD-B5F3-5E7EBA8E53D6}.Release|x86.Build.0 = Release|Any CPU
		{2693A91A-BC9B-4268-9AD3-A4BB881BF507}.Debug|Any CPU.ActiveCfg = Debug|Any CPU
		{2693A91A-BC9B-4268-9AD3-A4BB881BF507}.Debug|Any CPU.Build.0 = Debug|Any CPU
		{2693A91A-BC9B-4268-9AD3-A4BB881BF507}.Debug|x64.ActiveCfg = Debug|Any CPU
		{2693A91A-BC9B-4268-9AD3-A4BB881BF507}.Debug|x64.Build.0 = Debug|Any CPU
		{2693A91A-BC9B-4268-9AD3-A4BB881BF507}.Debug|x86.ActiveCfg = Debug|Any CPU
		{2693A91A-BC9B-4268-9AD3-A4BB881BF507}.Debug|x86.Build.0 = Debug|Any CPU
		{2693A91A-BC9B-4268-9AD3-A4BB881BF507}.Release|Any CPU.ActiveCfg = Release|Any CPU
		{2693A91A-BC9B-4268-9AD3-A4BB881BF507}.Release|Any CPU.Build.0 = Release|Any CPU
		{2693A91A-BC9B-4268-9AD3-A4BB881BF507}.Release|x64.ActiveCfg = Release|Any CPU
		{2693A91A-BC9B-4268-9AD3-A4BB881BF507}.Release|x64.Build.0 = Release|Any CPU
		{2693A91A-BC9B-4268-9AD3-A4BB881BF507}.Release|x86.ActiveCfg = Release|Any CPU
		{2693A91A-BC9B-4268-9AD3-A4BB881BF507}.Release|x86.Build.0 = Release|Any CPU
		{0A618FB3-9A7D-41C8-8E9A-F448F0E1CB51}.Debug|Any CPU.ActiveCfg = Debug|Any CPU
		{0A618FB3-9A7D-41C8-8E9A-F448F0E1CB51}.Debug|Any CPU.Build.0 = Debug|Any CPU
		{0A618FB3-9A7D-41C8-8E9A-F448F0E1CB51}.Debug|x64.ActiveCfg = Debug|Any CPU
		{0A618FB3-9A7D-41C8-8E9A-F448F0E1CB51}.Debug|x64.Build.0 = Debug|Any CPU
		{0A618FB3-9A7D-41C8-8E9A-F448F0E1CB51}.Debug|x86.ActiveCfg = Debug|Any CPU
		{0A618FB3-9A7D-41C8-8E9A-F448F0E1CB51}.Debug|x86.Build.0 = Debug|Any CPU
		{0A618FB3-9A7D-41C8-8E9A-F448F0E1CB51}.Release|Any CPU.ActiveCfg = Release|Any CPU
		{0A618FB3-9A7D-41C8-8E9A-F448F0E1CB51}.Release|Any CPU.Build.0 = Release|Any CPU
		{0A618FB3-9A7D-41C8-8E9A-F448F0E1CB51}.Release|x64.ActiveCfg = Release|Any CPU
		{0A618FB3-9A7D-41C8-8E9A-F448F0E1CB51}.Release|x64.Build.0 = Release|Any CPU
		{0A618FB3-9A7D-41C8-8E9A-F448F0E1CB51}.Release|x86.ActiveCfg = Release|Any CPU
		{0A618FB3-9A7D-41C8-8E9A-F448F0E1CB51}.Release|x86.Build.0 = Release|Any CPU
		{4C98136E-E1D8-47C8-A24F-53A79C2D9155}.Debug|Any CPU.ActiveCfg = Debug|Any CPU
		{4C98136E-E1D8-47C8-A24F-53A79C2D9155}.Debug|Any CPU.Build.0 = Debug|Any CPU
		{4C98136E-E1D8-47C8-A24F-53A79C2D9155}.Debug|x64.ActiveCfg = Debug|Any CPU
		{4C98136E-E1D8-47C8-A24F-53A79C2D9155}.Debug|x64.Build.0 = Debug|Any CPU
		{4C98136E-E1D8-47C8-A24F-53A79C2D9155}.Debug|x86.ActiveCfg = Debug|Any CPU
		{4C98136E-E1D8-47C8-A24F-53A79C2D9155}.Debug|x86.Build.0 = Debug|Any CPU
		{4C98136E-E1D8-47C8-A24F-53A79C2D9155}.Release|Any CPU.ActiveCfg = Release|Any CPU
		{4C98136E-E1D8-47C8-A24F-53A79C2D9155}.Release|Any CPU.Build.0 = Release|Any CPU
		{4C98136E-E1D8-47C8-A24F-53A79C2D9155}.Release|x64.ActiveCfg = Release|Any CPU
		{4C98136E-E1D8-47C8-A24F-53A79C2D9155}.Release|x64.Build.0 = Release|Any CPU
		{4C98136E-E1D8-47C8-A24F-53A79C2D9155}.Release|x86.ActiveCfg = Release|Any CPU
		{4C98136E-E1D8-47C8-A24F-53A79C2D9155}.Release|x86.Build.0 = Release|Any CPU
	EndGlobalSection
	GlobalSection(SolutionProperties) = preSolution
		HideSolutionNode = FALSE
	EndGlobalSection
	GlobalSection(NestedProjects) = preSolution
		{4D203A1C-73B3-4133-AC78-539300AEDC3A} = {827E0CD3-B72D-47B6-A68D-7590B98EB39B}
		{EC2B2B62-DC51-422B-A64F-EE1796528AE0} = {827E0CD3-B72D-47B6-A68D-7590B98EB39B}
		{2FDFFD69-22C9-42CB-934C-D74527F8C078} = {827E0CD3-B72D-47B6-A68D-7590B98EB39B}
		{45698D0F-5E07-4F6B-87D6-B9B808C46EFD} = {A1B2C3D4-E5F6-7890-ABCD-EF1234567890}
		{6C61BA8A-EC5B-4922-8610-E53BB80DE712} = {A1B2C3D4-E5F6-7890-ABCD-EF1234567890}
		{84CAF623-0E89-47CF-955D-BAC121333C31} = {827E0CD3-B72D-47B6-A68D-7590B98EB39B}
		{70F82759-CF24-47BD-B5F3-5E7EBA8E53D6} = {827E0CD3-B72D-47B6-A68D-7590B98EB39B}
		{2693A91A-BC9B-4268-9AD3-A4BB881BF507} = {A1B2C3D4-E5F6-7890-ABCD-EF1234567890}
		{0A618FB3-9A7D-41C8-8E9A-F448F0E1CB51} = {827E0CD3-B72D-47B6-A68D-7590B98EB39B}
		{4C98136E-E1D8-47C8-A24F-53A79C2D9155} = {A1B2C3D4-E5F6-7890-ABCD-EF1234567890}
	EndGlobalSection
EndGlobal
